{
  "version": 4,
  "terraform_version": "1.1.9",
  "serial": 4,
  "lineage": "18e100c9-5853-d3e6-a72b-cd9f289e18af",
  "outputs": {},
  "resources": [
    {
      "mode": "managed",
      "type": "google_container_cluster",
      "name": "primary",
      "provider": "provider[\"registry.terraform.io/hashicorp/google\"]",
      "instances": [
        {
          "schema_version": 1,
          "attributes": {
            "addons_config": [
              {
                "cloudrun_config": [],
                "gcp_filestore_csi_driver_config": [],
                "horizontal_pod_autoscaling": [],
                "http_load_balancing": [],
                "network_policy_config": [
                  {
                    "disabled": true
                  }
                ]
              }
            ],
            "authenticator_groups_config": [],
            "cluster_autoscaling": [
              {
                "auto_provisioning_defaults": [],
                "enabled": false,
                "resource_limits": []
              }
            ],
            "cluster_ipv4_cidr": "10.0.0.0/14",
            "confidential_nodes": [],
            "database_encryption": [
              {
                "key_name": "",
                "state": "DECRYPTED"
              }
            ],
            "datapath_provider": "",
            "default_max_pods_per_node": null,
            "default_snat_status": [
              {
                "disabled": false
              }
            ],
            "description": "",
            "dns_config": [],
            "enable_autopilot": false,
            "enable_binary_authorization": false,
            "enable_intranode_visibility": false,
            "enable_kubernetes_alpha": false,
            "enable_legacy_abac": false,
            "enable_shielded_nodes": true,
            "enable_tpu": false,
            "endpoint": "34.132.251.61",
            "id": "projects/project1-349207/locations/us-central1/clusters/my-gke-cluster",
            "initial_node_count": 1,
            "ip_allocation_policy": [],
            "label_fingerprint": "a9dc16a7",
            "location": "us-central1",
            "logging_config": [
              {
                "enable_components": [
                  "SYSTEM_COMPONENTS",
                  "WORKLOADS"
                ]
              }
            ],
            "logging_service": "logging.googleapis.com/kubernetes",
            "maintenance_policy": [],
            "master_auth": [
              {
                "client_certificate": "",
                "client_certificate_config": [
                  {
                    "issue_client_certificate": false
                  }
                ],
                "client_key": "",
                "cluster_ca_certificate": "LS0tLS1CRUdJTiBDRVJUSUZJQ0FURS0tLS0tCk1JSUVMRENDQXBTZ0F3SUJBZ0lRTHVvdGFSbUVoZ0FhbnhIdlJxZVVFREFOQmdrcWhraUc5dzBCQVFzRkFEQXYKTVMwd0t3WURWUVFERXlReU16YzFZakZqWXkwd016a3dMVFExTlRjdFlXSmpNeTAxTVRNeVlXVXlOMlpqT1RZdwpJQmNOTWpJd05UQTVNVEExTmpVM1doZ1BNakExTWpBMU1ERXhNVFUyTlRkYU1DOHhMVEFyQmdOVkJBTVRKREl6Ck56VmlNV05qTFRBek9UQXRORFUxTnkxaFltTXpMVFV4TXpKaFpUSTNabU01TmpDQ0FhSXdEUVlKS29aSWh2Y04KQVFFQkJRQURnZ0dQQURDQ0FZb0NnZ0dCQU5HU2hoUUE3UStaNkFCcFJ4OUprT2Erd2t3L2Qzb3V0Rk5HNm1XQQoyNEhRSExKVDdnai9NOFpVRnZjVnUvRTVPL0dyWHZnR3lCY2ZhUGErcmNTU1JBSlVQcXl5N0J3dmxoTnBYcmxiCnNUR2FETTh5N1hFZi9BaEVWT1dZQzcvSGdXdkxGR2Nkd1l5dzV0NUdKdkVqVWNWSXJVMzJVa09ndVdCaWlXVDgKN3NKN2RHVjlxN3E1aEVmSlZZbEJpQ2FZc0toV3dDRmhrS0xJSnRla3JoMWhPNE5zTHNUWE9MQ25qYnkyYmE0OQpBVVVmYXh3UWYxcDRqNnlaVHVBbXZVbmc4bnc1TUpjRk4wRTI5TG9HYW9IQzh4MXZrd1pWMHc5dG91blE2UURBCjBYVnJ2d1lKQXpLUjlUVXFMVTh4TVRvMi9DcGM0TEwxRjBrY0wxWFNmRXZzUU9mUFBsL3ZQRytjTFg3eTBqWEMKNmM4WHdYOEs0aUJ1aTl4U1hybHllMTlCVUVMUldjSVZGYXBobTJYaE9Ud05lU2gzOFRmN0lBMWNHbmwwdlRmMApMeDBMR2NxM0VpVWdVTUtaS2ZEQXVqMU5kc3pHa3RxMFBWYitmMWcyNVNiK1cyRWI4SkdHOHFud2JUZjY3dlNlCjJBUTJ2WVpCVDNVa01Qb1pFQ0RWUUIxeWd3SURBUUFCbzBJd1FEQU9CZ05WSFE4QkFmOEVCQU1DQWdRd0R3WUQKVlIwVEFRSC9CQVV3QXdFQi96QWRCZ05WSFE0RUZnUVU4WFdIaUJtb1ZaVzFhakFmWVVoTzcwaFE3T0F3RFFZSgpLb1pJaHZjTkFRRUxCUUFEZ2dHQkFLNUU3NFBLbTBNMUNzVGNvUVZDdHRJU0syYTR2RzgyNkZlc04vZ1NMQU5lCitpYWQrdW9MNmhKT0YyaWQ3SElVeXZhZkF6dFlqdkplallpWkpkQ1lzOS9Wd25LNllsempXRUI4NTI1VmRuWGcKZk4wWCtKWnU2SFFCNVhZMm1kcGxBa2owTjhXVXNvZXFyTWdKMXZ6V0JrWU9XVU5rQ0lQdmI1a0h5bE5VRHpKYwpncFNEVlF4L1lWZUN3cndZTEFXeVFIQnNzdDF4TDEzZVNlL3l4bWt2YzFEVmJHam15bjM5SnoycFFGYzdiVlg5CnZva3BRYkUyNEQyVGM3UmkwaUI3U0duK1RSdWxuZ21WS1NvcjBEZ2dYU1BjaDdrTU5PS1FkUGM0MHAwTE5ZNjcKVHVsRDlwRnRsbTVYMzZzSzNPeVE5czlab3NnOGYzcnZUK2V4MW9VOVorc3Q5QjFYY2pFQWZJbmxHaUF2TGdnNQpXZmk3VTd2NkNPK3hOK0I1TFdjZU9zNno3dDBzbG5wa1VLdWlJdFNUQ0JlK3pKQjAxOFE1cVRtQUxyOUNsNlhqCmI5M1NKWDZnZFNrYWZkVng0RGo5Tkp6TjZLNEZJcVhuT2F6RzJZczk0N3dXK3lFaGNOcjlTYzBlbzk5L3NQTVQKUHlZK0RuM1VkL2NvQkdqRVNsdlNsZz09Ci0tLS0tRU5EIENFUlRJRklDQVRFLS0tLS0K"
              }
            ],
            "master_authorized_networks_config": [],
            "master_version": "1.21.10-gke.2000",
            "min_master_version": null,
            "monitoring_config": [
              {
                "enable_components": [
                  "SYSTEM_COMPONENTS"
                ]
              }
            ],
            "monitoring_service": "monitoring.googleapis.com/kubernetes",
            "name": "my-gke-cluster",
            "network": "projects/project1-349207/global/networks/default",
            "network_policy": [
              {
                "enabled": false,
                "provider": "PROVIDER_UNSPECIFIED"
              }
            ],
            "networking_mode": "ROUTES",
            "node_config": [],
            "node_locations": [
              "us-central1-a",
              "us-central1-b",
              "us-central1-c"
            ],
            "node_pool": [],
            "node_version": "1.21.10-gke.2000",
            "operation": null,
            "private_cluster_config": [],
            "private_ipv6_google_access": "",
            "project": "project1-349207",
            "release_channel": [
              {
                "channel": "REGULAR"
              }
            ],
            "remove_default_node_pool": true,
            "resource_labels": null,
            "resource_usage_export_config": [],
            "self_link": "https://container.googleapis.com/v1/projects/project1-349207/locations/us-central1/clusters/my-gke-cluster",
            "services_ipv4_cidr": "10.3.240.0/20",
            "subnetwork": "projects/project1-349207/regions/us-central1/subnetworks/default",
            "timeouts": null,
            "tpu_ipv4_cidr_block": "",
            "vertical_pod_autoscaling": [],
            "workload_identity_config": []
          },
          "sensitive_attributes": [],
          "private": "eyJlMmJmYjczMC1lY2FhLTExZTYtOGY4OC0zNDM2M2JjN2M0YzAiOnsiY3JlYXRlIjoyNDAwMDAwMDAwMDAwLCJkZWxldGUiOjI0MDAwMDAwMDAwMDAsInJlYWQiOjI0MDAwMDAwMDAwMDAsInVwZGF0ZSI6MzYwMDAwMDAwMDAwMH0sInNjaGVtYV92ZXJzaW9uIjoiMSJ9"
        }
      ]
    },
    {
      "mode": "managed",
      "type": "google_container_node_pool",
      "name": "primary_preemptible_nodes",
      "provider": "provider[\"registry.terraform.io/hashicorp/google\"]",
      "instances": [
        {
          "schema_version": 1,
          "attributes": {
            "autoscaling": [],
            "cluster": "my-gke-cluster",
            "id": "projects/project1-349207/locations/us-central1/clusters/my-gke-cluster/nodePools/my-node-pool",
            "initial_node_count": 1,
            "instance_group_urls": [
              "https://www.googleapis.com/compute/v1/projects/project1-349207/zones/us-central1-c/instanceGroupManagers/gke-my-gke-cluster-my-node-pool-469b6450-grp",
              "https://www.googleapis.com/compute/v1/projects/project1-349207/zones/us-central1-a/instanceGroupManagers/gke-my-gke-cluster-my-node-pool-2e758cc0-grp",
              "https://www.googleapis.com/compute/v1/projects/project1-349207/zones/us-central1-b/instanceGroupManagers/gke-my-gke-cluster-my-node-pool-a6cd05de-grp"
            ],
            "location": "us-central1",
            "managed_instance_group_urls": [
              "https://www.googleapis.com/compute/v1/projects/project1-349207/zones/us-central1-c/instanceGroups/gke-my-gke-cluster-my-node-pool-469b6450-grp",
              "https://www.googleapis.com/compute/v1/projects/project1-349207/zones/us-central1-a/instanceGroups/gke-my-gke-cluster-my-node-pool-2e758cc0-grp",
              "https://www.googleapis.com/compute/v1/projects/project1-349207/zones/us-central1-b/instanceGroups/gke-my-gke-cluster-my-node-pool-a6cd05de-grp"
            ],
            "management": [
              {
                "auto_repair": true,
                "auto_upgrade": true
              }
            ],
            "max_pods_per_node": null,
            "name": "my-node-pool",
            "name_prefix": "",
            "node_config": [
              {
                "boot_disk_kms_key": "",
                "disk_size_gb": 100,
                "disk_type": "pd-standard",
                "gcfs_config": [],
                "guest_accelerator": [],
                "gvnic": [],
                "image_type": "COS_CONTAINERD",
                "labels": {},
                "local_ssd_count": 0,
                "machine_type": "e2-medium",
                "metadata": {
                  "disable-legacy-endpoints": "true"
                },
                "min_cpu_platform": "",
                "node_group": "",
                "oauth_scopes": [
                  "https://www.googleapis.com/auth/cloud-platform"
                ],
                "preemptible": true,
                "service_account": "service-account-id@project1-349207.iam.gserviceaccount.com",
                "shielded_instance_config": [
                  {
                    "enable_integrity_monitoring": true,
                    "enable_secure_boot": false
                  }
                ],
                "tags": null,
                "taint": [],
                "workload_metadata_config": []
              }
            ],
            "node_count": 1,
            "node_locations": [
              "us-central1-a",
              "us-central1-b",
              "us-central1-c"
            ],
            "operation": null,
            "project": "project1-349207",
            "timeouts": null,
            "upgrade_settings": [
              {
                "max_surge": 1,
                "max_unavailable": 0
              }
            ],
            "version": "1.21.10-gke.2000"
          },
          "sensitive_attributes": [],
          "private": "eyJlMmJmYjczMC1lY2FhLTExZTYtOGY4OC0zNDM2M2JjN2M0YzAiOnsiY3JlYXRlIjoxODAwMDAwMDAwMDAwLCJkZWxldGUiOjE4MDAwMDAwMDAwMDAsInVwZGF0ZSI6MTgwMDAwMDAwMDAwMH0sInNjaGVtYV92ZXJzaW9uIjoiMSJ9",
          "dependencies": [
            "google_container_cluster.primary",
            "google_service_account.default"
          ]
        }
      ]
    },
    {
      "mode": "managed",
      "type": "google_service_account",
      "name": "default",
      "provider": "provider[\"registry.terraform.io/hashicorp/google\"]",
      "instances": [
        {
          "schema_version": 0,
          "attributes": {
            "account_id": "service-account-id",
            "description": "",
            "disabled": false,
            "display_name": "Service Account",
            "email": "service-account-id@project1-349207.iam.gserviceaccount.com",
            "id": "projects/project1-349207/serviceAccounts/service-account-id@project1-349207.iam.gserviceaccount.com",
            "name": "projects/project1-349207/serviceAccounts/service-account-id@project1-349207.iam.gserviceaccount.com",
            "project": "project1-349207",
            "timeouts": null,
            "unique_id": "107614481134388542053"
          },
          "sensitive_attributes": [],
          "private": "eyJlMmJmYjczMC1lY2FhLTExZTYtOGY4OC0zNDM2M2JjN2M0YzAiOnsiY3JlYXRlIjozMDAwMDAwMDAwMDB9fQ=="
        }
      ]
    }
  ]
}
